
Microsoft Visual Studio Solution File, Format Version 12.00
# Visual Studio Version 17
VisualStudioVersion = 17.5.002.0
MinimumVisualStudioVersion = 10.0.40219.1
Project("{9A19103F-16F7-4668-BE54-9A1E7A4F7556}") = "TasksTracker.TasksManager.Backend.Api", "TasksTracker.TasksManager.Backend.Api\TasksTracker.TasksManager.Backend.Api.csproj", "{4469613A-A2E0-44C4-8493-C77A01B13204}"
EndProject
Global
	GlobalSection(SolutionConfigurationPlatforms) = preSolution
		Debug|Any CPU = Debug|Any CPU
		Release|Any CPU = Release|Any CPU
	EndGlobalSection
	GlobalSection(ProjectConfigurationPlatforms) = postSolution
		{4469613A-A2E0-44C4-8493-C77A01B13204}.Debug|Any CPU.ActiveCfg = Debug|Any CPU
		{4469613A-A2E0-44C4-8493-C77A01B13204}.Debug|Any CPU.Build.0 = Debug|Any CPU
		{4469613A-A2E0-44C4-8493-C77A01B13204}.Release|Any CPU.ActiveCfg = Release|Any CPU
		{4469613A-A2E0-44C4-8493-C77A01B13204}.Release|Any CPU.Build.0 = Release|Any CPU
	EndGlobalSection
	GlobalSection(SolutionProperties) = preSolution
		HideSolutionNode = FALSE
	EndGlobalSection
	GlobalSection(ExtensibilityGlobals) = postSolution
		SolutionGuid = {B5EF4706-C6E7-416A-965B-C30AD1FBA096}
	EndGlobalSection
EndGlobal
